
Microsoft Visual Studio Solution File, Format Version 12.00
# Visual Studio Version 16
VisualStudioVersion = 25.0.1706.1
MinimumVisualStudioVersion = 10.0.40219.1
Project("{FAE04EC0-301F-11D3-BF4B-00C04F79EFBC}") = "Catalog.API", "Catalog.API.csproj", "{7C1C69DC-DBC7-462F-9D1C-1C1F4BABBFC3}"
EndProject
Global
	GlobalSection(SolutionConfigurationPlatforms) = preSolution
		Debug|Any CPU = Debug|Any CPU
		Release|Any CPU = Release|Any CPU
	EndGlobalSection
	GlobalSection(ProjectConfigurationPlatforms) = postSolution
		{7C1C69DC-DBC7-462F-9D1C-1C1F4BABBFC3}.Debug|Any CPU.ActiveCfg = Debug|Any CPU
		{7C1C69DC-DBC7-462F-9D1C-1C1F4BABBFC3}.Debug|Any CPU.Build.0 = Debug|Any CPU
		{7C1C69DC-DBC7-462F-9D1C-1C1F4BABBFC3}.Release|Any CPU.ActiveCfg = Release|Any CPU
		{7C1C69DC-DBC7-462F-9D1C-1C1F4BABBFC3}.Release|Any CPU.Build.0 = Release|Any CPU
	EndGlobalSection
	GlobalSection(SolutionProperties) = preSolution
		HideSolutionNode = FALSE
	EndGlobalSection
	GlobalSection(ExtensibilityGlobals) = postSolution
		SolutionGuid = {CFF5BB48-0921-4A08-8AA2-2E0A6EB6AD31}
	EndGlobalSection
EndGlobal
