
Microsoft Visual Studio Solution File, Format Version 12.00
# Visual Studio Version 16
VisualStudioVersion = 25.0.1706.0
MinimumVisualStudioVersion = 10.0.40219.1
Project("{E53339B2-1760-4266-BCC7-CA923CBCF16C}") = "docker-compose", "docker-compose.dcproj", "{8D4CE05A-17B0-4455-BACF-75D1BEC23149}"
EndProject
Global
	GlobalSection(SolutionConfigurationPlatforms) = preSolution
		Debug|Any CPU = Debug|Any CPU
		Release|Any CPU = Release|Any CPU
	EndGlobalSection
	GlobalSection(ProjectConfigurationPlatforms) = postSolution
		{8D4CE05A-17B0-4455-BACF-75D1BEC23149}.Debug|Any CPU.ActiveCfg = Debug|Any CPU
		{8D4CE05A-17B0-4455-BACF-75D1BEC23149}.Debug|Any CPU.Build.0 = Debug|Any CPU
		{8D4CE05A-17B0-4455-BACF-75D1BEC23149}.Release|Any CPU.ActiveCfg = Release|Any CPU
		{8D4CE05A-17B0-4455-BACF-75D1BEC23149}.Release|Any CPU.Build.0 = Release|Any CPU
	EndGlobalSection
	GlobalSection(SolutionProperties) = preSolution
		HideSolutionNode = FALSE
	EndGlobalSection
	GlobalSection(ExtensibilityGlobals) = postSolution
		SolutionGuid = {6D3DCF4E-BE11-413D-BB1B-542BED3C5A54}
	EndGlobalSection
EndGlobal
